
Microsoft Visual Studio Solution File, Format Version 12.00
# Visual Studio 2012
Project("{8BC9CEB8-8B4A-11D0-8D11-00A0C91BC942}") = "3d voxel game", "3d voxel game\3d voxel game.vcxproj", "{AA808B9A-FCD6-4A66-9D0E-AC407C5E2BA2}"
EndProject
Global
	GlobalSection(SolutionConfigurationPlatforms) = preSolution
		Debug|Win32 = Debug|Win32
		Release|Win32 = Release|Win32
	EndGlobalSection
	GlobalSection(ProjectConfigurationPlatforms) = postSolution
		{AA808B9A-FCD6-4A66-9D0E-AC407C5E2BA2}.Debug|Win32.ActiveCfg = Debug|Win32
		{AA808B9A-FCD6-4A66-9D0E-AC407C5E2BA2}.Debug|Win32.Build.0 = Debug|Win32
		{AA808B9A-FCD6-4A66-9D0E-AC407C5E2BA2}.Release|Win32.ActiveCfg = Release|Win32
		{AA808B9A-FCD6-4A66-9D0E-AC407C5E2BA2}.Release|Win32.Build.0 = Release|Win32
	EndGlobalSection
	GlobalSection(SolutionProperties) = preSolution
		HideSolutionNode = FALSE
	EndGlobalSection
EndGlobal
