<?xml version="1.0" encoding="utf-8"?>
<Project ToolsVersion="4.0" xmlns="http://schemas.microsoft.com/developer/msbuild/2003">
  <ItemGroup>
    <Filter Include="Source Files">
      <UniqueIdentifier>{4FC737F1-C7A5-4376-A066-2A32D752A2FF}</UniqueIdentifier>
      <Extensions>cpp;c;cc;cxx;def;odl;idl;hpj;bat;asm;asmx</Extensions>
    </Filter>
    <Filter Include="Header Files">
      <UniqueIdentifier>{93995380-89BD-4b04-88EB-625FBE52EBFB}</UniqueIdentifier>
      <Extensions>h;hpp;hxx;hm;inl;inc;xsd</Extensions>
    </Filter>
    <Filter Include="Resource Files">
      <UniqueIdentifier>{67DA6AB6-F800-4c08-8B7A-83BB121AAD01}</UniqueIdentifier>
      <Extensions>rc;ico;cur;bmp;dlg;rc2;rct;bin;rgs;gif;jpg;jpeg;jpe;resx;tiff;tif;png;wav;mfcribbon-ms</Extensions>
    </Filter>
    <Filter Include="Header Files\State">
      <UniqueIdentifier>{0770f882-9a3d-41ed-967f-51ea6a14a6c3}</UniqueIdentifier>
    </Filter>
    <Filter Include="Header Files\Voxel">
      <UniqueIdentifier>{605111d2-58fc-4676-8dda-19721ff4d8e1}</UniqueIdentifier>
    </Filter>
    <Filter Include="Header Files\Voxel\Block">
      <UniqueIdentifier>{f01966db-4b19-4adb-ba10-03fe91404db6}</UniqueIdentifier>
    </Filter>
    <Filter Include="Source Files\Voxel">
      <UniqueIdentifier>{b43c318b-a5a4-43e4-91dd-51d4df61303e}</UniqueIdentifier>
    </Filter>
    <Filter Include="Source Files\Voxel\Block">
      <UniqueIdentifier>{262d7c0f-5bec-4138-9792-e4dc6d7183f8}</UniqueIdentifier>
    </Filter>
    <Filter Include="Header Files\Graphics">
      <UniqueIdentifier>{4425a237-2e48-4f39-a859-1e765690f0b2}</UniqueIdentifier>
    </Filter>
    <Filter Include="Source Files\Graphics">
      <UniqueIdentifier>{8b950319-e6a6-417f-90fd-348bdd1042bc}</UniqueIdentifier>
    </Filter>
    <Filter Include="Header Files\Graphics\Raw">
      <UniqueIdentifier>{a1867273-c3bd-47f7-8601-69d5468de657}</UniqueIdentifier>
    </Filter>
    <Filter Include="Header Files\Graphics\Renderer">
      <UniqueIdentifier>{10553134-5362-42cd-abf0-8337c75a54bc}</UniqueIdentifier>
    </Filter>
    <Filter Include="Header Files\Graphics\OpenGl">
      <UniqueIdentifier>{68aa8cf6-3f49-419d-8aff-bdb24fc29147}</UniqueIdentifier>
    </Filter>
    <Filter Include="Source Files\Graphics\Opengl">
      <UniqueIdentifier>{0b1313f5-7fa3-4bdd-a753-1762524de340}</UniqueIdentifier>
    </Filter>
    <Filter Include="Source Files\Graphics\Renderer">
      <UniqueIdentifier>{60acad01-d892-4243-87fb-dae709e4ce13}</UniqueIdentifier>
    </Filter>
    <Filter Include="Source Files\Graphics\Raw">
      <UniqueIdentifier>{f22495df-212d-441c-8f98-caa24394ef23}</UniqueIdentifier>
    </Filter>
    <Filter Include="Header Files\Game">
      <UniqueIdentifier>{881f7d7c-b81f-4961-a72d-19652787b8d3}</UniqueIdentifier>
    </Filter>
    <Filter Include="Source Files\Game">
      <UniqueIdentifier>{1adfe07b-0915-43b4-81a0-140fffed8f3e}</UniqueIdentifier>
    </Filter>
    <Filter Include="Source Files\State">
      <UniqueIdentifier>{82f565a8-a4c9-43d6-8061-ae39df6b3269}</UniqueIdentifier>
    </Filter>
    <Filter Include="Header Files\Events">
      <UniqueIdentifier>{f5505dd6-6524-4323-9488-5728de349150}</UniqueIdentifier>
    </Filter>
    <Filter Include="Source Files\Events">
      <UniqueIdentifier>{2c465c80-d9c6-4f23-a57a-aac149906b3d}</UniqueIdentifier>
    </Filter>
    <Filter Include="Header Files\Graphics\Drawable">
      <UniqueIdentifier>{6285dfc0-d3e2-45b0-828d-697f9c6905f4}</UniqueIdentifier>
    </Filter>
    <Filter Include="Header Files\Graphics\Drawable\GL">
      <UniqueIdentifier>{ee924640-29c2-4c6e-851f-00d19e0d15b0}</UniqueIdentifier>
    </Filter>
    <Filter Include="Source Files\Graphics\Drawable">
      <UniqueIdentifier>{0b2d05ce-49d2-4950-9811-143f58b68d75}</UniqueIdentifier>
    </Filter>
    <Filter Include="Source Files\Graphics\Drawable\GL">
      <UniqueIdentifier>{285d14e2-9941-4189-9aa6-5eff8bd57450}</UniqueIdentifier>
    </Filter>
    <Filter Include="Header Files\Renderable">
      <UniqueIdentifier>{4dd7dd56-d500-4417-9f27-7b32fb8a0d7c}</UniqueIdentifier>
    </Filter>
    <Filter Include="Header Files\Renderable\World">
      <UniqueIdentifier>{f85361d0-654b-47a4-8403-c3a7cff67e06}</UniqueIdentifier>
    </Filter>
    <Filter Include="Source Files\Renderable">
      <UniqueIdentifier>{52bc3bf3-9b66-4d7e-9d5a-c618315ce0fe}</UniqueIdentifier>
    </Filter>
    <Filter Include="Source Files\Renderable\World">
      <UniqueIdentifier>{9c2a3611-68c4-4392-9d12-97f5bccae68d}</UniqueIdentifier>
    </Filter>
    <Filter Include="Header Files\Renderable\Entity">
      <UniqueIdentifier>{bb3b80d2-e992-4ad5-8a13-0ca58bd2e7cb}</UniqueIdentifier>
    </Filter>
  </ItemGroup>
  <ItemGroup>
    <ClCompile Include="main.cpp">
      <Filter>Source Files</Filter>
    </ClCompile>
    <ClCompile Include="Block.cpp">
      <Filter>Source Files\Voxel\Block</Filter>
    </ClCompile>
    <ClCompile Include="FreeColor.cpp">
      <Filter>Source Files\Voxel</Filter>
    </ClCompile>
    <ClCompile Include="Solid.cpp">
      <Filter>Source Files\Voxel</Filter>
    </ClCompile>
    <ClCompile Include="OpenglRenderer.cpp">
      <Filter>Source Files\Graphics\Renderer</Filter>
    </ClCompile>
    <ClCompile Include="Game.cpp">
      <Filter>Source Files\Game</Filter>
    </ClCompile>
    <ClCompile Include="StateTest.cpp">
      <Filter>Source Files\State</Filter>
    </ClCompile>
    <ClCompile Include="GameTest.cpp">
      <Filter>Source Files\Game</Filter>
    </ClCompile>
    <ClCompile Include="VoxelMatrix.cpp">
      <Filter>Source Files\Renderable</Filter>
    </ClCompile>
    <ClCompile Include="EventHandler.cpp">
      <Filter>Source Files\Events</Filter>
    </ClCompile>
    <ClCompile Include="DrawableVertexBuffer.cpp">
      <Filter>Source Files\Graphics\Drawable\GL</Filter>
    </ClCompile>
    <ClCompile Include="Shader.cpp">
      <Filter>Source Files\Graphics\Renderer</Filter>
    </ClCompile>
    <ClCompile Include="RenderableTerminal.cpp">
      <Filter>Source Files\Renderable</Filter>
    </ClCompile>
    <ClCompile Include="World.cpp">
      <Filter>Source Files</Filter>
    </ClCompile>
  </ItemGroup>
  <ItemGroup>
    <ClInclude Include="Block.h">
      <Filter>Header Files\Voxel\Block</Filter>
    </ClInclude>
    <ClInclude Include="Macros.h">
      <Filter>Header Files</Filter>
    </ClInclude>
    <ClInclude Include="Octree.h">
      <Filter>Header Files</Filter>
    </ClInclude>
    <ClInclude Include="State.h">
      <Filter>Header Files\State</Filter>
    </ClInclude>
    <ClInclude Include="FreeColor.h">
      <Filter>Header Files\Voxel</Filter>
    </ClInclude>
    <ClInclude Include="Solid.h">
      <Filter>Header Files\Voxel</Filter>
    </ClInclude>
    <ClInclude Include="WorldMatrix.h">
      <Filter>Header Files\Renderable\World</Filter>
    </ClInclude>
    <ClInclude Include="Chunk.h">
      <Filter>Header Files\Renderable\World</Filter>
    </ClInclude>
    <ClInclude Include="RawVoxel.h">
      <Filter>Header Files\Graphics\Raw</Filter>
    </ClInclude>
    <ClInclude Include="RawVoxelMatrix.h">
      <Filter>Header Files\Graphics\Raw</Filter>
    </ClInclude>
    <ClInclude Include="Color.h">
      <Filter>Header Files</Filter>
    </ClInclude>
    <ClInclude Include="IRenderer.h">
      <Filter>Header Files\Graphics\Renderer</Filter>
    </ClInclude>
    <ClInclude Include="VoxelMatrix.h">
      <Filter>Header Files\Renderable</Filter>
    </ClInclude>
    <ClInclude Include="IVoxel.h">
      <Filter>Header Files\Voxel</Filter>
    </ClInclude>
    <ClInclude Include="OpenglRenderer.h">
      <Filter>Header Files\Graphics\Renderer</Filter>
    </ClInclude>
    <ClInclude Include="GLUtilty.h">
      <Filter>Header Files\Graphics\OpenGl</Filter>
    </ClInclude>
    <ClInclude Include="Game.h">
      <Filter>Header Files\Game</Filter>
    </ClInclude>
    <ClInclude Include="GameTest.h">
      <Filter>Header Files\Game</Filter>
    </ClInclude>
    <ClInclude Include="StateTest.h">
      <Filter>Header Files\State</Filter>
    </ClInclude>
    <ClInclude Include="VoxelRegister.h">
      <Filter>Header Files</Filter>
    </ClInclude>
    <ClInclude Include="GL.h">
      <Filter>Header Files</Filter>
    </ClInclude>
    <ClInclude Include="EventHandler.h">
      <Filter>Header Files\Events</Filter>
    </ClInclude>
    <ClInclude Include="IDrawable.h">
      <Filter>Header Files\Graphics\Drawable</Filter>
    </ClInclude>
    <ClInclude Include="DrawableVertexBuffer.h">
      <Filter>Header Files\Graphics\Drawable\GL</Filter>
    </ClInclude>
    <ClInclude Include="Vertex.h">
      <Filter>Header Files\Graphics\Renderer</Filter>
    </ClInclude>
    <ClInclude Include="Shader.h">
      <Filter>Header Files\Graphics\Renderer</Filter>
    </ClInclude>
    <ClInclude Include="IRenderable.h">
      <Filter>Header Files\Renderable</Filter>
    </ClInclude>
    <ClInclude Include="RenderableTerminal.h">
      <Filter>Header Files\Renderable</Filter>
    </ClInclude>
    <ClInclude Include="IEntity.h">
      <Filter>Header Files\Renderable\Entity</Filter>
    </ClInclude>
    <ClInclude Include="IWorld.h">
      <Filter>Header Files\Renderable\World</Filter>
    </ClInclude>
    <ClInclude Include="World.h">
      <Filter>Header Files\Renderable\World</Filter>
    </ClInclude>
    <ClInclude Include="deque2.h">
      <Filter>Header Files</Filter>
    </ClInclude>
  </ItemGroup>
</Project>